// !$*UTF8*$!
{
	archiveVersion = 1;
	classes = {
	};
	objectVersion = 46;
	objects = {

/* Begin PBXBuildFile section */
		5437C93F1D6D885D00F0A2F7 /* HMSegmentedControl.swift in Sources */ = {isa = PBXBuildFile; fileRef = 5437C93E1D6D885D00F0A2F7 /* HMSegmentedControl.swift */; };
		54974D4F1D6D06240065A547 /* AppDelegate.swift in Sources */ = {isa = PBXBuildFile; fileRef = 54974D4E1D6D06240065A547 /* AppDelegate.swift */; };
		54974D511D6D06240065A547 /* ViewController.swift in Sources */ = {isa = PBXBuildFile; fileRef = 54974D501D6D06240065A547 /* ViewController.swift */; };
		54974D541D6D06240065A547 /* Main.storyboard in Resources */ = {isa = PBXBuildFile; fileRef = 54974D521D6D06240065A547 /* Main.storyboard */; };
		54974D561D6D06240065A547 /* Assets.xcassets in Resources */ = {isa = PBXBuildFile; fileRef = 54974D551D6D06240065A547 /* Assets.xcassets */; };
		54974D591D6D06240065A547 /* LaunchScreen.storyboard in Resources */ = {isa = PBXBuildFile; fileRef = 54974D571D6D06240065A547 /* LaunchScreen.storyboard */; };
/* End PBXBuildFile section */

/* Begin PBXFileReference section */
		5437C93E1D6D885D00F0A2F7 /* HMSegmentedControl.swift */ = {isa = PBXFileReference; fileEncoding = 4; lastKnownFileType = sourcecode.swift; path = HMSegmentedControl.swift; sourceTree = "<group>"; };
		54974D4B1D6D06240065A547 /* HMSegmentedControl.app */ = {isa = PBXFileReference; explicitFileType = wrapper.application; includeInIndex = 0; path = HMSegmentedControl.app; sourceTree = BUILT_PRODUCTS_DIR; };
		54974D4E1D6D06240065A547 /* AppDelegate.swift */ = {isa = PBXFileReference; lastKnownFileType = sourcecode.swift; path = AppDelegate.swift; sourceTree = "<group>"; };
		54974D501D6D06240065A547 /* ViewController.swift */ = {isa = PBXFileReference; lastKnownFileType = sourcecode.swift; path = ViewController.swift; sourceTree = "<group>"; };
		54974D531D6D06240065A547 /* Base */ = {isa = PBXFileReference; lastKnownFileType = file.storyboard; name = Base; path = Base.lproj/Main.storyboard; sourceTree = "<group>"; };
		54974D551D6D06240065A547 /* Assets.xcassets */ = {isa = PBXFileReference; lastKnownFileType = folder.assetcatalog; path = Assets.xcassets; sourceTree = "<group>"; };
		54974D581D6D06240065A547 /* Base */ = {isa = PBXFileReference; lastKnownFileType = file.storyboard; name = Base; path = Base.lproj/LaunchScreen.storyboard; sourceTree = "<group>"; };
		54974D5A1D6D06240065A547 /* Info.plist */ = {isa = PBXFileReference; lastKnownFileType = text.plist.xml; path = Info.plist; sourceTree = "<group>"; };
/* End PBXFileReference section */

/* Begin PBXFrameworksBuildPhase section */
		54974D481D6D06240065A547 /* Frameworks */ = {
			isa = PBXFrameworksBuildPhase;
			buildActionMask = 2147483647;
			files = (
			);
			runOnlyForDeploymentPostprocessing = 0;
		};
/* End PBXFrameworksBuildPhase section */

/* Begin PBXGroup section */
		54974D421D6D06240065A547 = {
			isa = PBXGroup;
			children = (
				54974D4D1D6D06240065A547 /* HMSegmentedControl */,
				54974D4C1D6D06240065A547 /* Products */,
			);
			sourceTree = "<group>";
		};
		54974D4C1D6D06240065A547 /* Products */ = {
			isa = PBXGroup;
			children = (
				54974D4B1D6D06240065A547 /* HMSegmentedControl.app */,
			);
			name = Products;
			sourceTree = "<group>";
		};
		54974D4D1D6D06240065A547 /* HMSegmentedControl */ = {
			isa = PBXGroup;
			children = (
				54974D4E1D6D06240065A547 /* AppDelegate.swift */,
				54974D501D6D06240065A547 /* ViewController.swift */,
				5437C93E1D6D885D00F0A2F7 /* HMSegmentedControl.swift */,
				54974D521D6D06240065A547 /* Main.storyboard */,
				54974D551D6D06240065A547 /* Assets.xcassets */,
				54974D571D6D06240065A547 /* LaunchScreen.storyboard */,
				54974D5A1D6D06240065A547 /* Info.plist */,
			);
			path = HMSegmentedControl;
			sourceTree = "<group>";
		};
/* End PBXGroup section */

/* Begin PBXNativeTarget section */
		54974D4A1D6D06240065A547 /* HMSegmentedControl */ = {
			isa = PBXNativeTarget;
			buildConfigurationList = 54974D5D1D6D06240065A547 /* Build configuration list for PBXNativeTarget "HMSegmentedControl" */;
			buildPhases = (
				54974D471D6D06240065A547 /* Sources */,
				54974D481D6D06240065A547 /* Frameworks */,
				54974D491D6D06240065A547 /* Resources */,
			);
			buildRules = (
			);
			dependencies = (
			);
			name = HMSegmentedControl;
			productName = HMSegmentedControl;
			productReference = 54974D4B1D6D06240065A547 /* HMSegmentedControl.app */;
			productType = "com.apple.product-type.application";
		};
/* End PBXNativeTarget section */

/* Begin PBXProject section */
		54974D431D6D06240065A547 /* Project object */ = {
			isa = PBXProject;
			attributes = {
				LastSwiftUpdateCheck = 0730;
				LastUpgradeCheck = 0800;
				ORGANIZATIONNAME = Tinybits;
				TargetAttributes = {
					54974D4A1D6D06240065A547 = {
						CreatedOnToolsVersion = 7.3.1;
						LastSwiftMigration = 0800;
					};
				};
			};
			buildConfigurationList = 54974D461D6D06240065A547 /* Build configuration list for PBXProject "HMSegmentedControl" */;
			compatibilityVersion = "Xcode 3.2";
			developmentRegion = English;
			hasScannedForEncodings = 0;
			knownRegions = (
				en,
				Base,
			);
			mainGroup = 54974D421D6D06240065A547;
			productRefGroup = 54974D4C1D6D06240065A547 /* Products */;
			projectDirPath = "";
			projectRoot = "";
			targets = (
				54974D4A1D6D06240065A547 /* HMSegmentedControl */,
			);
		};
/* End PBXProject section */

/* Begin PBXResourcesBuildPhase section */
		54974D491D6D06240065A547 /* Resources */ = {
			isa = PBXResourcesBuildPhase;
			buildActionMask = 2147483647;
			files = (
				54974D591D6D06240065A547 /* LaunchScreen.storyboard in Resources */,
				54974D561D6D06240065A547 /* Assets.xcassets in Resources */,
				54974D541D6D06240065A547 /* Main.storyboard in Resources */,
			);
			runOnlyForDeploymentPostprocessing = 0;
		};
/* End PBXResourcesBuildPhase section */

/* Begin PBXSourcesBuildPhase section */
		54974D471D6D06240065A547 /* Sources */ = {
			isa = PBXSourcesBuildPhase;
			buildActionMask = 2147483647;
			files = (
				54974D511D6D06240065A547 /* ViewController.swift in Sources */,
				54974D4F1D6D06240065A547 /* AppDelegate.swift in Sources */,
				5437C93F1D6D885D00F0A2F7 /* HMSegmentedControl.swift in Sources */,
			);
			runOnlyForDeploymentPostprocessing = 0;
		};
/* End PBXSourcesBuildPhase section */

/* Begin PBXVariantGroup section */
		54974D521D6D06240065A547 /* Main.storyboard */ = {
			isa = PBXVariantGroup;
			children = (
				54974D531D6D06240065A547 /* Base */,
			);
			name = Main.storyboard;
			sourceTree = "<group>";
		};
		54974D571D6D06240065A547 /* LaunchScreen.storyboard */ = {
			isa = PBXVariantGroup;
			children = (
				54974D581D6D06240065A547 /* Base */,
			);
			name = LaunchScreen.storyboard;
			sourceTree = "<group>";
		};
/* End PBXVariantGroup section */

/* Begin XCBuildConfiguration section */
		54974D5B1D6D06240065A547 /* Debug */ = {
			isa = XCBuildConfiguration;
			buildSettings = {
				ALWAYS_SEARCH_USER_PATHS = NO;
				CLANG_ANALYZER_NONNULL = YES;
				CLANG_CXX_LANGUAGE_STANDARD = "gnu++0x";
				CLANG_CXX_LIBRARY = "libc++";
				CLANG_ENABLE_MODULES = YES;
				CLANG_ENABLE_OBJC_ARC = YES;
				CLANG_WARN_BOOL_CONVERSION = YES;
				CLANG_WARN_CONSTANT_CONVERSION = YES;
				CLANG_WARN_DIRECT_OBJC_ISA_USAGE = YES_ERROR;
				CLANG_WARN_EMPTY_BODY = YES;
				CLANG_WARN_ENUM_CONVERSION = YES;
				CLANG_WARN_INFINITE_RECURSION = YES;
				CLANG_WARN_INT_CONVERSION = YES;
				CLANG_WARN_OBJC_ROOT_CLASS = YES_ERROR;
				CLANG_WARN_SUSPICIOUS_MOVE = YES;
				CLANG_WARN_UNREACHABLE_CODE = YES;
				CLANG_WARN__DUPLICATE_METHOD_MATCH = YES;
				"CODE_SIGN_IDENTITY[sdk=iphoneos*]" = "iPhone Developer";
				COPY_PHASE_STRIP = NO;
				DEBUG_INFORMATION_FORMAT = dwarf;
				ENABLE_STRICT_OBJC_MSGSEND = YES;
				ENABLE_TESTABILITY = YES;
				GCC_C_LANGUAGE_STANDARD = gnu99;
				GCC_DYNAMIC_NO_PIC = NO;
				GCC_NO_COMMON_BLOCKS = YES;
				GCC_OPTIMIZATION_LEVEL = 0;
				GCC_PREPROCESSOR_DEFINITIONS = (
					"DEBUG=1",
					"$(inherited)",
				);
				GCC_WARN_64_TO_32_BIT_CONVERSION = YES;
				GCC_WARN_ABOUT_RETURN_TYPE = YES_ERROR;
				GCC_WARN_UNDECLARED_SELECTOR = YES;
				GCC_WARN_UNINITIALIZED_AUTOS = YES_AGGRESSIVE;
				GCC_WARN_UNUSED_FUNCTION = YES;
				GCC_WARN_UNUSED_VARIABLE = YES;
				IPHONEOS_DEPLOYMENT_TARGET = 9.3;
				MTL_ENABLE_DEBUG_INFO = YES;
				ONLY_ACTIVE_ARCH = YES;
				SDKROOT = iphoneos;
				SWIFT_OPTIMIZATION_LEVEL = "-Onone";
			};
			name = Debug;
		};
		54974D5C1D6D06240065A547 /* Release */ = {
			isa = XCBuildConfiguration;
			buildSettings = {
				ALWAYS_SEARCH_USER_PATHS = NO;
				CLANG_ANALYZER_NONNULL = YES;
				CLANG_CXX_LANGUAGE_STANDARD = "gnu++0x";
				CLANG_CXX_LIBRARY = "libc++";
				CLANG_ENABLE_MODULES = YES;
				CLANG_ENABLE_OBJC_ARC = YES;
				CLANG_WARN_BOOL_CONVERSION = YES;
				CLANG_WARN_CONSTANT_CONVERSION = YES;
				CLANG_WARN_DIRECT_OBJC_ISA_USAGE = YES_ERROR;
				CLANG_WARN_EMPTY_BODY = YES;
				CLANG_WARN_ENUM_CONVERSION = YES;
				CLANG_WARN_INFINITE_RECURSION = YES;
				CLANG_WARN_INT_CONVERSION = YES;
				CLANG_WARN_OBJC_ROOT_CLASS = YES_ERROR;
				CLANG_WARN_SUSPICIOUS_MOVE = YES;
				CLANG_WARN_UNREACHABLE_CODE = YES;
				CLANG_WARN__DUPLICATE_METHOD_MATCH = YES;
				"CODE_SIGN_IDENTITY[sdk=iphoneos*]" = "iPhone Developer";
				COPY_PHASE_STRIP = NO;
				DEBUG_INFORMATION_FORMAT = "dwarf-with-dsym";
				ENABLE_NS_ASSERTIONS = NO;
				ENABLE_STRICT_OBJC_MSGSEND = YES;
				GCC_C_LANGUAGE_STANDARD = gnu99;
				GCC_NO_COMMON_BLOCKS = YES;
				GCC_WARN_64_TO_32_BIT_CONVERSION = YES;
				GCC_WARN_ABOUT_RETURN_TYPE = YES_ERROR;
				GCC_WARN_UNDECLARED_SELECTOR = YES;
				GCC_WARN_UNINITIALIZED_AUTOS = YES_AGGRESSIVE;
				GCC_WARN_UNUSED_FUNCTION = YES;
				GCC_WARN_UNUSED_VARIABLE = YES;
				IPHONEOS_DEPLOYMENT_TARGET = 9.3;
				MTL_ENABLE_DEBUG_INFO = NO;
				SDKROOT = iphoneos;
				VALIDATE_PRODUCT = YES;
			};
			name = Release;
		};
		54974D5E1D6D06240065A547 /* Debug */ = {
			isa = XCBuildConfiguration;
			buildSettings = {
				ASSETCATALOG_COMPILER_APPICON_NAME = AppIcon;
				INFOPLIST_FILE = HMSegmentedControl/Info.plist;
				LD_RUNPATH_SEARCH_PATHS = "$(inherited) @executable_path/Frameworks";
				PRODUCT_BUNDLE_IDENTIFIER = io.tinybits.HMSegmentedControl;
				PRODUCT_NAME = "$(TARGET_NAME)";
				SWIFT_VERSION = 3.0;
			};
			name = Debug;
		};
		54974D5F1D6D06240065A547 /* Release */ = {
			isa = XCBuildConfiguration;
			buildSettings = {
				ASSETCATALOG_COMPILER_APPICON_NAME = AppIcon;
				INFOPLIST_FILE = HMSegmentedControl/Info.plist;
				LD_RUNPATH_SEARCH_PATHS = "$(inherited) @executable_path/Frameworks";
				PRODUCT_BUNDLE_IDENTIFIER = io.tinybits.HMSegmentedControl;
				PRODUCT_NAME = "$(TARGET_NAME)";
				SWIFT_OPTIMIZATION_LEVEL = "-Owholemodule";
				SWIFT_VERSION = 3.0;
			};
			name = Release;
		};
/* End XCBuildConfiguration section */

/* Begin XCConfigurationList section */
		54974D461D6D06240065A547 /* Build configuration list for PBXProject "HMSegmentedControl" */ = {
			isa = XCConfigurationList;
			buildConfigurations = (
				54974D5B1D6D06240065A547 /* Debug */,
				54974D5C1D6D06240065A547 /* Release */,
			);
			defaultConfigurationIsVisible = 0;
			defaultConfigurationName = Release;
		};
		54974D5D1D6D06240065A547 /* Build configuration list for PBXNativeTarget "HMSegmentedControl" */ = {
			isa = XCConfigurationList;
			buildConfigurations = (
				54974D5E1D6D06240065A547 /* Debug */,
				54974D5F1D6D06240065A547 /* Release */,
			);
			defaultConfigurationIsVisible = 0;
			defaultConfigurationName = Release;
		};
/* End XCConfigurationList section */
	};
	rootObject = 54974D431D6D06240065A547 /* Project object */;
}
